{
  "nodes": {
    "import-cargo": {
      "locked": {
        "lastModified": 1594305518,
        "narHash": "sha256-frtArgN42rSaEcEOYWg8sVPMUK+Zgch3c+wejcpX3DY=",
        "owner": "edolstra",
        "repo": "import-cargo",
        "rev": "25d40be4a73d40a2572e0cc233b83253554f06c5",
        "type": "github"
      },
      "original": {
        "owner": "edolstra",
        "repo": "import-cargo",
        "type": "github"
      }
    },
    "nixpkgs": {
      "locked": {
        "lastModified": 1659914493,
        "narHash": "sha256-lkA5X3VNMKirvA+SUzvEhfA7XquWLci+CGi505YFAIs=",
        "owner": "NixOS",
        "repo": "nixpkgs",
        "rev": "022caabb5f2265ad4006c1fa5b1ebe69fb0c3faf",
        "type": "github"
      },
      "original": {
        "id": "nixpkgs",
        "ref": "nixos-21.05",
        "type": "indirect"
      }
    },
    "root": {
      "inputs": {
        "import-cargo": "import-cargo",
        "nixpkgs": "nixpkgs"
      }
    }
  },
  "root": "root",
  "version": 7
}
